
Microsoft Visual Studio Solution File, Format Version 12.00
# Visual Studio Version 16
VisualStudioVersion = 16.0.30204.135
MinimumVisualStudioVersion = 10.0.40219.1
Project("{FAE04EC0-301F-11D3-BF4B-00C04F79EFBC}") = "Round Button", "Round Button\Round Button.csproj", "{1DB2E9DF-0403-4A09-9AE7-5DB3FF18196B}"
EndProject
Global
	GlobalSection(SolutionConfigurationPlatforms) = preSolution
		Debug|Any CPU = Debug|Any CPU
		Release|Any CPU = Release|Any CPU
	EndGlobalSection
	GlobalSection(ProjectConfigurationPlatforms) = postSolution
		{1DB2E9DF-0403-4A09-9AE7-5DB3FF18196B}.Debug|Any CPU.ActiveCfg = Debug|Any CPU
		{1DB2E9DF-0403-4A09-9AE7-5DB3FF18196B}.Debug|Any CPU.Build.0 = Debug|Any CPU
		{1DB2E9DF-0403-4A09-9AE7-5DB3FF18196B}.Release|Any CPU.ActiveCfg = Release|Any CPU
		{1DB2E9DF-0403-4A09-9AE7-5DB3FF18196B}.Release|Any CPU.Build.0 = Release|Any CPU
	EndGlobalSection
	GlobalSection(SolutionProperties) = preSolution
		HideSolutionNode = FALSE
	EndGlobalSection
	GlobalSection(ExtensibilityGlobals) = postSolution
		SolutionGuid = {48D2C7F5-8A2F-4757-9999-AC8C26F15E42}
	EndGlobalSection
EndGlobal
